
Microsoft Visual Studio Solution File, Format Version 12.00
# Visual Studio 15
VisualStudioVersion = 15.0.28307.271
MinimumVisualStudioVersion = 10.0.40219.1
Project("{FAE04EC0-301F-11D3-BF4B-00C04F79EFBC}") = "BilgeAdam.GenericEnumerables", "BilgeAdam.GenericEnumerables\BilgeAdam.GenericEnumerables.csproj", "{7EFA6150-22D7-4473-A528-592294620626}"
EndProject
Global
	GlobalSection(SolutionConfigurationPlatforms) = preSolution
		Debug|Any CPU = Debug|Any CPU
		Release|Any CPU = Release|Any CPU
	EndGlobalSection
	GlobalSection(ProjectConfigurationPlatforms) = postSolution
		{7EFA6150-22D7-4473-A528-592294620626}.Debug|Any CPU.ActiveCfg = Debug|Any CPU
		{7EFA6150-22D7-4473-A528-592294620626}.Debug|Any CPU.Build.0 = Debug|Any CPU
		{7EFA6150-22D7-4473-A528-592294620626}.Release|Any CPU.ActiveCfg = Release|Any CPU
		{7EFA6150-22D7-4473-A528-592294620626}.Release|Any CPU.Build.0 = Release|Any CPU
	EndGlobalSection
	GlobalSection(SolutionProperties) = preSolution
		HideSolutionNode = FALSE
	EndGlobalSection
	GlobalSection(ExtensibilityGlobals) = postSolution
		SolutionGuid = {EB94F7E5-42BF-469C-9365-6DF2A9762551}
	EndGlobalSection
EndGlobal
